
Microsoft Visual Studio Solution File, Format Version 12.00
# Visual Studio Version 16
VisualStudioVersion = 16.0.30804.86
MinimumVisualStudioVersion = 10.0.40219.1
Project("{FAE04EC0-301F-11D3-BF4B-00C04F79EFBC}") = "AllTests.Android", "AllTests\AllTests.Android\AllTests.Android.csproj", "{183419CA-4795-4B72-8273-4A3D37A8F986}"
EndProject
Project("{FAE04EC0-301F-11D3-BF4B-00C04F79EFBC}") = "AllTests.iOS", "AllTests\AllTests.iOS\AllTests.iOS.csproj", "{41DD09A2-EC97-4CE5-A1D0-F6EBAD2CC8AF}"
EndProject
Project("{9A19103F-16F7-4668-BE54-9A1E7A4F7556}") = "AllTests", "AllTests\AllTests\AllTests.csproj", "{A8FF9BA6-06CC-41E4-9775-FC2EFEC1A39E}"
EndProject
Project("{2150E333-8FDC-42A3-9474-1A3956D46DE8}") = "Tests", "Tests", "{CFB6779D-C63F-4E37-994C-0461430089D3}"
EndProject
Project("{2150E333-8FDC-42A3-9474-1A3956D46DE8}") = "App", "App", "{396FBDF5-6D29-4878-82BE-A573645F2399}"
EndProject
Project("{9A19103F-16F7-4668-BE54-9A1E7A4F7556}") = "AllTests.UnitTests", "AllTests.UnitTests\AllTests.UnitTests.csproj", "{145CE24A-2ECE-4D0E-93FB-019A49B57759}"
EndProject
Project("{9A19103F-16F7-4668-BE54-9A1E7A4F7556}") = "AllTests.MockInfos", "AllTests.MockInfos\AllTests.MockInfos.csproj", "{40DDF14B-347C-458D-9B26-01F1B9477516}"
EndProject
Project("{FAE04EC0-301F-11D3-BF4B-00C04F79EFBC}") = "AllTests.UITest", "AllTests.UITest\AllTests.UITest.csproj", "{1A4371A4-1E87-4BD8-A402-E97D0D1E4F85}"
EndProject
Global
	GlobalSection(SolutionConfigurationPlatforms) = preSolution
		Debug|Any CPU = Debug|Any CPU
		Debug|iPhone = Debug|iPhone
		Debug|iPhoneSimulator = Debug|iPhoneSimulator
		DebugMock|Any CPU = DebugMock|Any CPU
		DebugMock|iPhone = DebugMock|iPhone
		DebugMock|iPhoneSimulator = DebugMock|iPhoneSimulator
		Release|Any CPU = Release|Any CPU
		Release|iPhone = Release|iPhone
		Release|iPhoneSimulator = Release|iPhoneSimulator
		ReleaseMock|Any CPU = ReleaseMock|Any CPU
		ReleaseMock|iPhone = ReleaseMock|iPhone
		ReleaseMock|iPhoneSimulator = ReleaseMock|iPhoneSimulator
	EndGlobalSection
	GlobalSection(ProjectConfigurationPlatforms) = postSolution
		{183419CA-4795-4B72-8273-4A3D37A8F986}.Debug|Any CPU.ActiveCfg = Debug|Any CPU
		{183419CA-4795-4B72-8273-4A3D37A8F986}.Debug|Any CPU.Build.0 = Debug|Any CPU
		{183419CA-4795-4B72-8273-4A3D37A8F986}.Debug|Any CPU.Deploy.0 = Debug|Any CPU
		{183419CA-4795-4B72-8273-4A3D37A8F986}.Debug|iPhone.ActiveCfg = Debug|Any CPU
		{183419CA-4795-4B72-8273-4A3D37A8F986}.Debug|iPhone.Build.0 = Debug|Any CPU
		{183419CA-4795-4B72-8273-4A3D37A8F986}.Debug|iPhone.Deploy.0 = Debug|Any CPU
		{183419CA-4795-4B72-8273-4A3D37A8F986}.Debug|iPhoneSimulator.ActiveCfg = Debug|Any CPU
		{183419CA-4795-4B72-8273-4A3D37A8F986}.Debug|iPhoneSimulator.Build.0 = Debug|Any CPU
		{183419CA-4795-4B72-8273-4A3D37A8F986}.Debug|iPhoneSimulator.Deploy.0 = Debug|Any CPU
		{183419CA-4795-4B72-8273-4A3D37A8F986}.DebugMock|Any CPU.ActiveCfg = DebugMock|Any CPU
		{183419CA-4795-4B72-8273-4A3D37A8F986}.DebugMock|Any CPU.Build.0 = DebugMock|Any CPU
		{183419CA-4795-4B72-8273-4A3D37A8F986}.DebugMock|Any CPU.Deploy.0 = DebugMock|Any CPU
		{183419CA-4795-4B72-8273-4A3D37A8F986}.DebugMock|iPhone.ActiveCfg = DebugMock|Any CPU
		{183419CA-4795-4B72-8273-4A3D37A8F986}.DebugMock|iPhone.Build.0 = DebugMock|Any CPU
		{183419CA-4795-4B72-8273-4A3D37A8F986}.DebugMock|iPhone.Deploy.0 = DebugMock|Any CPU
		{183419CA-4795-4B72-8273-4A3D37A8F986}.DebugMock|iPhoneSimulator.ActiveCfg = DebugMock|Any CPU
		{183419CA-4795-4B72-8273-4A3D37A8F986}.DebugMock|iPhoneSimulator.Build.0 = DebugMock|Any CPU
		{183419CA-4795-4B72-8273-4A3D37A8F986}.DebugMock|iPhoneSimulator.Deploy.0 = DebugMock|Any CPU
		{183419CA-4795-4B72-8273-4A3D37A8F986}.Release|Any CPU.ActiveCfg = Release|Any CPU
		{183419CA-4795-4B72-8273-4A3D37A8F986}.Release|Any CPU.Build.0 = Release|Any CPU
		{183419CA-4795-4B72-8273-4A3D37A8F986}.Release|Any CPU.Deploy.0 = Release|Any CPU
		{183419CA-4795-4B72-8273-4A3D37A8F986}.Release|iPhone.ActiveCfg = Release|Any CPU
		{183419CA-4795-4B72-8273-4A3D37A8F986}.Release|iPhone.Build.0 = Release|Any CPU
		{183419CA-4795-4B72-8273-4A3D37A8F986}.Release|iPhone.Deploy.0 = Release|Any CPU
		{183419CA-4795-4B72-8273-4A3D37A8F986}.Release|iPhoneSimulator.ActiveCfg = Release|Any CPU
		{183419CA-4795-4B72-8273-4A3D37A8F986}.Release|iPhoneSimulator.Build.0 = Release|Any CPU
		{183419CA-4795-4B72-8273-4A3D37A8F986}.Release|iPhoneSimulator.Deploy.0 = Release|Any CPU
		{183419CA-4795-4B72-8273-4A3D37A8F986}.ReleaseMock|Any CPU.ActiveCfg = ReleaseMock|Any CPU
		{183419CA-4795-4B72-8273-4A3D37A8F986}.ReleaseMock|Any CPU.Build.0 = ReleaseMock|Any CPU
		{183419CA-4795-4B72-8273-4A3D37A8F986}.ReleaseMock|Any CPU.Deploy.0 = ReleaseMock|Any CPU
		{183419CA-4795-4B72-8273-4A3D37A8F986}.ReleaseMock|iPhone.ActiveCfg = ReleaseMock|Any CPU
		{183419CA-4795-4B72-8273-4A3D37A8F986}.ReleaseMock|iPhone.Build.0 = ReleaseMock|Any CPU
		{183419CA-4795-4B72-8273-4A3D37A8F986}.ReleaseMock|iPhone.Deploy.0 = ReleaseMock|Any CPU
		{183419CA-4795-4B72-8273-4A3D37A8F986}.ReleaseMock|iPhoneSimulator.ActiveCfg = ReleaseMock|Any CPU
		{183419CA-4795-4B72-8273-4A3D37A8F986}.ReleaseMock|iPhoneSimulator.Build.0 = ReleaseMock|Any CPU
		{183419CA-4795-4B72-8273-4A3D37A8F986}.ReleaseMock|iPhoneSimulator.Deploy.0 = ReleaseMock|Any CPU
		{41DD09A2-EC97-4CE5-A1D0-F6EBAD2CC8AF}.Debug|Any CPU.ActiveCfg = Debug|iPhone
		{41DD09A2-EC97-4CE5-A1D0-F6EBAD2CC8AF}.Debug|Any CPU.Build.0 = Debug|iPhone
		{41DD09A2-EC97-4CE5-A1D0-F6EBAD2CC8AF}.Debug|Any CPU.Deploy.0 = Debug|iPhone
		{41DD09A2-EC97-4CE5-A1D0-F6EBAD2CC8AF}.Debug|iPhone.ActiveCfg = Debug|iPhone
		{41DD09A2-EC97-4CE5-A1D0-F6EBAD2CC8AF}.Debug|iPhone.Build.0 = Debug|iPhone
		{41DD09A2-EC97-4CE5-A1D0-F6EBAD2CC8AF}.Debug|iPhone.Deploy.0 = Debug|iPhone
		{41DD09A2-EC97-4CE5-A1D0-F6EBAD2CC8AF}.Debug|iPhoneSimulator.ActiveCfg = Debug|iPhoneSimulator
		{41DD09A2-EC97-4CE5-A1D0-F6EBAD2CC8AF}.Debug|iPhoneSimulator.Build.0 = Debug|iPhoneSimulator
		{41DD09A2-EC97-4CE5-A1D0-F6EBAD2CC8AF}.Debug|iPhoneSimulator.Deploy.0 = Debug|iPhoneSimulator
		{41DD09A2-EC97-4CE5-A1D0-F6EBAD2CC8AF}.DebugMock|Any CPU.ActiveCfg = DebugMock|iPhoneSimulator
		{41DD09A2-EC97-4CE5-A1D0-F6EBAD2CC8AF}.DebugMock|iPhone.ActiveCfg = DebugMock|iPhone
		{41DD09A2-EC97-4CE5-A1D0-F6EBAD2CC8AF}.DebugMock|iPhone.Build.0 = DebugMock|iPhone
		{41DD09A2-EC97-4CE5-A1D0-F6EBAD2CC8AF}.DebugMock|iPhoneSimulator.ActiveCfg = DebugMock|iPhoneSimulator
		{41DD09A2-EC97-4CE5-A1D0-F6EBAD2CC8AF}.DebugMock|iPhoneSimulator.Build.0 = DebugMock|iPhoneSimulator
		{41DD09A2-EC97-4CE5-A1D0-F6EBAD2CC8AF}.Release|Any CPU.ActiveCfg = Release|iPhoneSimulator
		{41DD09A2-EC97-4CE5-A1D0-F6EBAD2CC8AF}.Release|Any CPU.Build.0 = Release|iPhoneSimulator
		{41DD09A2-EC97-4CE5-A1D0-F6EBAD2CC8AF}.Release|Any CPU.Deploy.0 = Release|iPhoneSimulator
		{41DD09A2-EC97-4CE5-A1D0-F6EBAD2CC8AF}.Release|iPhone.ActiveCfg = Release|iPhone
		{41DD09A2-EC97-4CE5-A1D0-F6EBAD2CC8AF}.Release|iPhone.Build.0 = Release|iPhone
		{41DD09A2-EC97-4CE5-A1D0-F6EBAD2CC8AF}.Release|iPhone.Deploy.0 = Release|iPhone
		{41DD09A2-EC97-4CE5-A1D0-F6EBAD2CC8AF}.Release|iPhoneSimulator.ActiveCfg = Release|iPhoneSimulator
		{41DD09A2-EC97-4CE5-A1D0-F6EBAD2CC8AF}.Release|iPhoneSimulator.Build.0 = Release|iPhoneSimulator
		{41DD09A2-EC97-4CE5-A1D0-F6EBAD2CC8AF}.Release|iPhoneSimulator.Deploy.0 = Release|iPhoneSimulator
		{41DD09A2-EC97-4CE5-A1D0-F6EBAD2CC8AF}.ReleaseMock|Any CPU.ActiveCfg = ReleaseMock|iPhoneSimulator
		{41DD09A2-EC97-4CE5-A1D0-F6EBAD2CC8AF}.ReleaseMock|iPhone.ActiveCfg = ReleaseMock|iPhone
		{41DD09A2-EC97-4CE5-A1D0-F6EBAD2CC8AF}.ReleaseMock|iPhone.Build.0 = ReleaseMock|iPhone
		{41DD09A2-EC97-4CE5-A1D0-F6EBAD2CC8AF}.ReleaseMock|iPhoneSimulator.ActiveCfg = ReleaseMock|iPhoneSimulator
		{41DD09A2-EC97-4CE5-A1D0-F6EBAD2CC8AF}.ReleaseMock|iPhoneSimulator.Build.0 = ReleaseMock|iPhoneSimulator
		{A8FF9BA6-06CC-41E4-9775-FC2EFEC1A39E}.Debug|Any CPU.ActiveCfg = Debug|Any CPU
		{A8FF9BA6-06CC-41E4-9775-FC2EFEC1A39E}.Debug|Any CPU.Build.0 = Debug|Any CPU
		{A8FF9BA6-06CC-41E4-9775-FC2EFEC1A39E}.Debug|Any CPU.Deploy.0 = Debug|Any CPU
		{A8FF9BA6-06CC-41E4-9775-FC2EFEC1A39E}.Debug|iPhone.ActiveCfg = Debug|Any CPU
		{A8FF9BA6-06CC-41E4-9775-FC2EFEC1A39E}.Debug|iPhone.Build.0 = Debug|Any CPU
		{A8FF9BA6-06CC-41E4-9775-FC2EFEC1A39E}.Debug|iPhone.Deploy.0 = Debug|Any CPU
		{A8FF9BA6-06CC-41E4-9775-FC2EFEC1A39E}.Debug|iPhoneSimulator.ActiveCfg = Debug|Any CPU
		{A8FF9BA6-06CC-41E4-9775-FC2EFEC1A39E}.Debug|iPhoneSimulator.Build.0 = Debug|Any CPU
		{A8FF9BA6-06CC-41E4-9775-FC2EFEC1A39E}.Debug|iPhoneSimulator.Deploy.0 = Debug|Any CPU
		{A8FF9BA6-06CC-41E4-9775-FC2EFEC1A39E}.DebugMock|Any CPU.ActiveCfg = DebugMock|Any CPU
		{A8FF9BA6-06CC-41E4-9775-FC2EFEC1A39E}.DebugMock|Any CPU.Build.0 = DebugMock|Any CPU
		{A8FF9BA6-06CC-41E4-9775-FC2EFEC1A39E}.DebugMock|iPhone.ActiveCfg = DebugMock|Any CPU
		{A8FF9BA6-06CC-41E4-9775-FC2EFEC1A39E}.DebugMock|iPhone.Build.0 = DebugMock|Any CPU
		{A8FF9BA6-06CC-41E4-9775-FC2EFEC1A39E}.DebugMock|iPhoneSimulator.ActiveCfg = DebugMock|Any CPU
		{A8FF9BA6-06CC-41E4-9775-FC2EFEC1A39E}.DebugMock|iPhoneSimulator.Build.0 = DebugMock|Any CPU
		{A8FF9BA6-06CC-41E4-9775-FC2EFEC1A39E}.Release|Any CPU.ActiveCfg = Release|Any CPU
		{A8FF9BA6-06CC-41E4-9775-FC2EFEC1A39E}.Release|Any CPU.Build.0 = Release|Any CPU
		{A8FF9BA6-06CC-41E4-9775-FC2EFEC1A39E}.Release|Any CPU.Deploy.0 = Release|Any CPU
		{A8FF9BA6-06CC-41E4-9775-FC2EFEC1A39E}.Release|iPhone.ActiveCfg = Release|Any CPU
		{A8FF9BA6-06CC-41E4-9775-FC2EFEC1A39E}.Release|iPhone.Build.0 = Release|Any CPU
		{A8FF9BA6-06CC-41E4-9775-FC2EFEC1A39E}.Release|iPhone.Deploy.0 = Release|Any CPU
		{A8FF9BA6-06CC-41E4-9775-FC2EFEC1A39E}.Release|iPhoneSimulator.ActiveCfg = Release|Any CPU
		{A8FF9BA6-06CC-41E4-9775-FC2EFEC1A39E}.Release|iPhoneSimulator.Build.0 = Release|Any CPU
		{A8FF9BA6-06CC-41E4-9775-FC2EFEC1A39E}.Release|iPhoneSimulator.Deploy.0 = Release|Any CPU
		{A8FF9BA6-06CC-41E4-9775-FC2EFEC1A39E}.ReleaseMock|Any CPU.ActiveCfg = ReleaseMock|Any CPU
		{A8FF9BA6-06CC-41E4-9775-FC2EFEC1A39E}.ReleaseMock|Any CPU.Build.0 = ReleaseMock|Any CPU
		{A8FF9BA6-06CC-41E4-9775-FC2EFEC1A39E}.ReleaseMock|iPhone.ActiveCfg = ReleaseMock|Any CPU
		{A8FF9BA6-06CC-41E4-9775-FC2EFEC1A39E}.ReleaseMock|iPhone.Build.0 = ReleaseMock|Any CPU
		{A8FF9BA6-06CC-41E4-9775-FC2EFEC1A39E}.ReleaseMock|iPhoneSimulator.ActiveCfg = ReleaseMock|Any CPU
		{A8FF9BA6-06CC-41E4-9775-FC2EFEC1A39E}.ReleaseMock|iPhoneSimulator.Build.0 = ReleaseMock|Any CPU
		{145CE24A-2ECE-4D0E-93FB-019A49B57759}.Debug|Any CPU.ActiveCfg = Debug|Any CPU
		{145CE24A-2ECE-4D0E-93FB-019A49B57759}.Debug|Any CPU.Build.0 = Debug|Any CPU
		{145CE24A-2ECE-4D0E-93FB-019A49B57759}.Debug|iPhone.ActiveCfg = Debug|Any CPU
		{145CE24A-2ECE-4D0E-93FB-019A49B57759}.Debug|iPhone.Build.0 = Debug|Any CPU
		{145CE24A-2ECE-4D0E-93FB-019A49B57759}.Debug|iPhoneSimulator.ActiveCfg = Debug|Any CPU
		{145CE24A-2ECE-4D0E-93FB-019A49B57759}.Debug|iPhoneSimulator.Build.0 = Debug|Any CPU
		{145CE24A-2ECE-4D0E-93FB-019A49B57759}.DebugMock|Any CPU.ActiveCfg = DebugMock|Any CPU
		{145CE24A-2ECE-4D0E-93FB-019A49B57759}.DebugMock|Any CPU.Build.0 = DebugMock|Any CPU
		{145CE24A-2ECE-4D0E-93FB-019A49B57759}.DebugMock|iPhone.ActiveCfg = DebugMock|Any CPU
		{145CE24A-2ECE-4D0E-93FB-019A49B57759}.DebugMock|iPhone.Build.0 = DebugMock|Any CPU
		{145CE24A-2ECE-4D0E-93FB-019A49B57759}.DebugMock|iPhoneSimulator.ActiveCfg = DebugMock|Any CPU
		{145CE24A-2ECE-4D0E-93FB-019A49B57759}.DebugMock|iPhoneSimulator.Build.0 = DebugMock|Any CPU
		{145CE24A-2ECE-4D0E-93FB-019A49B57759}.Release|Any CPU.ActiveCfg = Release|Any CPU
		{145CE24A-2ECE-4D0E-93FB-019A49B57759}.Release|Any CPU.Build.0 = Release|Any CPU
		{145CE24A-2ECE-4D0E-93FB-019A49B57759}.Release|iPhone.ActiveCfg = Release|Any CPU
		{145CE24A-2ECE-4D0E-93FB-019A49B57759}.Release|iPhone.Build.0 = Release|Any CPU
		{145CE24A-2ECE-4D0E-93FB-019A49B57759}.Release|iPhoneSimulator.ActiveCfg = Release|Any CPU
		{145CE24A-2ECE-4D0E-93FB-019A49B57759}.Release|iPhoneSimulator.Build.0 = Release|Any CPU
		{145CE24A-2ECE-4D0E-93FB-019A49B57759}.ReleaseMock|Any CPU.ActiveCfg = ReleaseMock|Any CPU
		{145CE24A-2ECE-4D0E-93FB-019A49B57759}.ReleaseMock|Any CPU.Build.0 = ReleaseMock|Any CPU
		{145CE24A-2ECE-4D0E-93FB-019A49B57759}.ReleaseMock|iPhone.ActiveCfg = ReleaseMock|Any CPU
		{145CE24A-2ECE-4D0E-93FB-019A49B57759}.ReleaseMock|iPhone.Build.0 = ReleaseMock|Any CPU
		{145CE24A-2ECE-4D0E-93FB-019A49B57759}.ReleaseMock|iPhoneSimulator.ActiveCfg = ReleaseMock|Any CPU
		{145CE24A-2ECE-4D0E-93FB-019A49B57759}.ReleaseMock|iPhoneSimulator.Build.0 = ReleaseMock|Any CPU
		{40DDF14B-347C-458D-9B26-01F1B9477516}.Debug|Any CPU.ActiveCfg = Debug|Any CPU
		{40DDF14B-347C-458D-9B26-01F1B9477516}.Debug|Any CPU.Build.0 = Debug|Any CPU
		{40DDF14B-347C-458D-9B26-01F1B9477516}.Debug|iPhone.ActiveCfg = Debug|Any CPU
		{40DDF14B-347C-458D-9B26-01F1B9477516}.Debug|iPhone.Build.0 = Debug|Any CPU
		{40DDF14B-347C-458D-9B26-01F1B9477516}.Debug|iPhoneSimulator.ActiveCfg = Debug|Any CPU
		{40DDF14B-347C-458D-9B26-01F1B9477516}.Debug|iPhoneSimulator.Build.0 = Debug|Any CPU
		{40DDF14B-347C-458D-9B26-01F1B9477516}.DebugMock|Any CPU.ActiveCfg = DebugMock|Any CPU
		{40DDF14B-347C-458D-9B26-01F1B9477516}.DebugMock|Any CPU.Build.0 = DebugMock|Any CPU
		{40DDF14B-347C-458D-9B26-01F1B9477516}.DebugMock|iPhone.ActiveCfg = DebugMock|Any CPU
		{40DDF14B-347C-458D-9B26-01F1B9477516}.DebugMock|iPhone.Build.0 = DebugMock|Any CPU
		{40DDF14B-347C-458D-9B26-01F1B9477516}.DebugMock|iPhoneSimulator.ActiveCfg = DebugMock|Any CPU
		{40DDF14B-347C-458D-9B26-01F1B9477516}.DebugMock|iPhoneSimulator.Build.0 = DebugMock|Any CPU
		{40DDF14B-347C-458D-9B26-01F1B9477516}.Release|Any CPU.ActiveCfg = Release|Any CPU
		{40DDF14B-347C-458D-9B26-01F1B9477516}.Release|Any CPU.Build.0 = Release|Any CPU
		{40DDF14B-347C-458D-9B26-01F1B9477516}.Release|iPhone.ActiveCfg = Release|Any CPU
		{40DDF14B-347C-458D-9B26-01F1B9477516}.Release|iPhone.Build.0 = Release|Any CPU
		{40DDF14B-347C-458D-9B26-01F1B9477516}.Release|iPhoneSimulator.ActiveCfg = Release|Any CPU
		{40DDF14B-347C-458D-9B26-01F1B9477516}.Release|iPhoneSimulator.Build.0 = Release|Any CPU
		{40DDF14B-347C-458D-9B26-01F1B9477516}.ReleaseMock|Any CPU.ActiveCfg = ReleaseMock|Any CPU
		{40DDF14B-347C-458D-9B26-01F1B9477516}.ReleaseMock|Any CPU.Build.0 = ReleaseMock|Any CPU
		{40DDF14B-347C-458D-9B26-01F1B9477516}.ReleaseMock|iPhone.ActiveCfg = ReleaseMock|Any CPU
		{40DDF14B-347C-458D-9B26-01F1B9477516}.ReleaseMock|iPhone.Build.0 = ReleaseMock|Any CPU
		{40DDF14B-347C-458D-9B26-01F1B9477516}.ReleaseMock|iPhoneSimulator.ActiveCfg = ReleaseMock|Any CPU
		{40DDF14B-347C-458D-9B26-01F1B9477516}.ReleaseMock|iPhoneSimulator.Build.0 = ReleaseMock|Any CPU
		{1A4371A4-1E87-4BD8-A402-E97D0D1E4F85}.Debug|Any CPU.ActiveCfg = Debug|Any CPU
		{1A4371A4-1E87-4BD8-A402-E97D0D1E4F85}.Debug|Any CPU.Build.0 = Debug|Any CPU
		{1A4371A4-1E87-4BD8-A402-E97D0D1E4F85}.Debug|iPhone.ActiveCfg = Debug|Any CPU
		{1A4371A4-1E87-4BD8-A402-E97D0D1E4F85}.Debug|iPhone.Build.0 = Debug|Any CPU
		{1A4371A4-1E87-4BD8-A402-E97D0D1E4F85}.Debug|iPhoneSimulator.ActiveCfg = Debug|Any CPU
		{1A4371A4-1E87-4BD8-A402-E97D0D1E4F85}.Debug|iPhoneSimulator.Build.0 = Debug|Any CPU
		{1A4371A4-1E87-4BD8-A402-E97D0D1E4F85}.DebugMock|Any CPU.ActiveCfg = DebugMock|Any CPU
		{1A4371A4-1E87-4BD8-A402-E97D0D1E4F85}.DebugMock|Any CPU.Build.0 = DebugMock|Any CPU
		{1A4371A4-1E87-4BD8-A402-E97D0D1E4F85}.DebugMock|iPhone.ActiveCfg = DebugMock|Any CPU
		{1A4371A4-1E87-4BD8-A402-E97D0D1E4F85}.DebugMock|iPhone.Build.0 = DebugMock|Any CPU
		{1A4371A4-1E87-4BD8-A402-E97D0D1E4F85}.DebugMock|iPhoneSimulator.ActiveCfg = DebugMock|Any CPU
		{1A4371A4-1E87-4BD8-A402-E97D0D1E4F85}.DebugMock|iPhoneSimulator.Build.0 = DebugMock|Any CPU
		{1A4371A4-1E87-4BD8-A402-E97D0D1E4F85}.Release|Any CPU.ActiveCfg = Release|Any CPU
		{1A4371A4-1E87-4BD8-A402-E97D0D1E4F85}.Release|Any CPU.Build.0 = Release|Any CPU
		{1A4371A4-1E87-4BD8-A402-E97D0D1E4F85}.Release|iPhone.ActiveCfg = Release|Any CPU
		{1A4371A4-1E87-4BD8-A402-E97D0D1E4F85}.Release|iPhone.Build.0 = Release|Any CPU
		{1A4371A4-1E87-4BD8-A402-E97D0D1E4F85}.Release|iPhoneSimulator.ActiveCfg = Release|Any CPU
		{1A4371A4-1E87-4BD8-A402-E97D0D1E4F85}.Release|iPhoneSimulator.Build.0 = Release|Any CPU
		{1A4371A4-1E87-4BD8-A402-E97D0D1E4F85}.ReleaseMock|Any CPU.ActiveCfg = ReleaseMock|Any CPU
		{1A4371A4-1E87-4BD8-A402-E97D0D1E4F85}.ReleaseMock|Any CPU.Build.0 = ReleaseMock|Any CPU
		{1A4371A4-1E87-4BD8-A402-E97D0D1E4F85}.ReleaseMock|iPhone.ActiveCfg = ReleaseMock|Any CPU
		{1A4371A4-1E87-4BD8-A402-E97D0D1E4F85}.ReleaseMock|iPhone.Build.0 = ReleaseMock|Any CPU
		{1A4371A4-1E87-4BD8-A402-E97D0D1E4F85}.ReleaseMock|iPhoneSimulator.ActiveCfg = ReleaseMock|Any CPU
		{1A4371A4-1E87-4BD8-A402-E97D0D1E4F85}.ReleaseMock|iPhoneSimulator.Build.0 = ReleaseMock|Any CPU
	EndGlobalSection
	GlobalSection(SolutionProperties) = preSolution
		HideSolutionNode = FALSE
	EndGlobalSection
	GlobalSection(NestedProjects) = preSolution
		{183419CA-4795-4B72-8273-4A3D37A8F986} = {396FBDF5-6D29-4878-82BE-A573645F2399}
		{41DD09A2-EC97-4CE5-A1D0-F6EBAD2CC8AF} = {396FBDF5-6D29-4878-82BE-A573645F2399}
		{A8FF9BA6-06CC-41E4-9775-FC2EFEC1A39E} = {396FBDF5-6D29-4878-82BE-A573645F2399}
		{145CE24A-2ECE-4D0E-93FB-019A49B57759} = {CFB6779D-C63F-4E37-994C-0461430089D3}
		{40DDF14B-347C-458D-9B26-01F1B9477516} = {CFB6779D-C63F-4E37-994C-0461430089D3}
		{1A4371A4-1E87-4BD8-A402-E97D0D1E4F85} = {CFB6779D-C63F-4E37-994C-0461430089D3}
	EndGlobalSection
	GlobalSection(ExtensibilityGlobals) = postSolution
		SolutionGuid = {D9D597D2-8665-4EA2-BFFD-B801FFECB8AD}
	EndGlobalSection
EndGlobal
